
Microsoft Visual Studio Solution File, Format Version 12.00
# Visual Studio Version 16
VisualStudioVersion = 16.0.31702.278
MinimumVisualStudioVersion = 10.0.40219.1
Project("{FAE04EC0-301F-11D3-BF4B-00C04F79EFBC}") = "miniräknare", "miniräknare\miniräknare.csproj", "{5BE7F81F-6C57-43D8-89A6-4FC4FE228E79}"
EndProject
Global
	GlobalSection(SolutionConfigurationPlatforms) = preSolution
		Debug|Any CPU = Debug|Any CPU
		Release|Any CPU = Release|Any CPU
	EndGlobalSection
	GlobalSection(ProjectConfigurationPlatforms) = postSolution
		{5BE7F81F-6C57-43D8-89A6-4FC4FE228E79}.Debug|Any CPU.ActiveCfg = Debug|Any CPU
		{5BE7F81F-6C57-43D8-89A6-4FC4FE228E79}.Debug|Any CPU.Build.0 = Debug|Any CPU
		{5BE7F81F-6C57-43D8-89A6-4FC4FE228E79}.Release|Any CPU.ActiveCfg = Release|Any CPU
		{5BE7F81F-6C57-43D8-89A6-4FC4FE228E79}.Release|Any CPU.Build.0 = Release|Any CPU
	EndGlobalSection
	GlobalSection(SolutionProperties) = preSolution
		HideSolutionNode = FALSE
	EndGlobalSection
	GlobalSection(ExtensibilityGlobals) = postSolution
		SolutionGuid = {067B6687-D39A-4370-B534-C5ABDDC93C47}
	EndGlobalSection
EndGlobal
